
Microsoft Visual Studio Solution File, Format Version 12.00
# Visual Studio Version 17
VisualStudioVersion = 17.5.33516.290
MinimumVisualStudioVersion = 10.0.40219.1
Project("{8BC9CEB8-8B4A-11D0-8D11-00A0C91BC942}") = "LinkedList", "LinkedList.vcxproj", "{64277D5E-5D7D-4AB1-B2EA-C20A0FD0C38C}"
EndProject
Global
	GlobalSection(SolutionConfigurationPlatforms) = preSolution
		Debug|x64 = Debug|x64
		Debug|x86 = Debug|x86
		Release|x64 = Release|x64
		Release|x86 = Release|x86
	EndGlobalSection
	GlobalSection(ProjectConfigurationPlatforms) = postSolution
		{64277D5E-5D7D-4AB1-B2EA-C20A0FD0C38C}.Debug|x64.ActiveCfg = Debug|x64
		{64277D5E-5D7D-4AB1-B2EA-C20A0FD0C38C}.Debug|x64.Build.0 = Debug|x64
		{64277D5E-5D7D-4AB1-B2EA-C20A0FD0C38C}.Debug|x86.ActiveCfg = Debug|Win32
		{64277D5E-5D7D-4AB1-B2EA-C20A0FD0C38C}.Debug|x86.Build.0 = Debug|Win32
		{64277D5E-5D7D-4AB1-B2EA-C20A0FD0C38C}.Release|x64.ActiveCfg = Release|x64
		{64277D5E-5D7D-4AB1-B2EA-C20A0FD0C38C}.Release|x64.Build.0 = Release|x64
		{64277D5E-5D7D-4AB1-B2EA-C20A0FD0C38C}.Release|x86.ActiveCfg = Release|Win32
		{64277D5E-5D7D-4AB1-B2EA-C20A0FD0C38C}.Release|x86.Build.0 = Release|Win32
	EndGlobalSection
	GlobalSection(SolutionProperties) = preSolution
		HideSolutionNode = FALSE
	EndGlobalSection
	GlobalSection(ExtensibilityGlobals) = postSolution
		SolutionGuid = {436D0C4D-90E4-4AEC-8B27-F038ACD9F74A}
	EndGlobalSection
EndGlobal
